schema: '2.0'
stages:
  preprocess:
    cmd: uv run python scripts/run_pipeline.py preprocess
    deps:
    - path: data/raw/ml-100k/u.data
      hash: md5
      md5: 6e47046882bad158b0efbb84cd5cb987
      size: 1979173
    - path: scripts/run_pipeline.py
      hash: md5
      md5: abeb83d197a564af01f5654b3d6ca5f2
      size: 1151
    - path: src/recommender/data/movielens_loader.py
      hash: md5
      md5: db561446ae1292ede7e0b91631775a38
      size: 663
    - path: src/recommender/pipeline/base_pipeline.py
      hash: md5
      md5: 769d00f39dbfa51d93268d1c1022cf10
      size: 773
    - path: src/recommender/pipeline/training_pipeline.py
      hash: md5
      md5: b86c785f278b5ca4332d348773fe339e
      size: 16003
    - path: src/recommender/utils/config.py
      hash: md5
      md5: 505ad66378e57f36caa6c28b39807af8
      size: 430
    params:
      params.yaml:
        data.interim_path: data/interim/ratings_clean.csv
        data.raw_path: data/raw/ml-100k/u.data
    outs:
    - path: data/interim/ratings_clean.csv
      hash: md5
      md5: f62b4a05170b8891b018ebfefde4000c
      size: 1979206
  feature_eng:
    cmd: uv run python scripts/run_pipeline.py feature_eng
    deps:
    - path: data/interim/ratings_clean.csv
      hash: md5
      md5: f62b4a05170b8891b018ebfefde4000c
      size: 1979206
    - path: scripts/run_pipeline.py
      hash: md5
      md5: abeb83d197a564af01f5654b3d6ca5f2
      size: 1151
    - path: src/recommender/data/split.py
      hash: md5
      md5: e60e58d70573652cd416b6482c684e96
      size: 1268
    - path: src/recommender/features/build_features.py
      hash: md5
      md5: 47f5695ecc27f75b37e422bac0113319
      size: 1879
    - path: src/recommender/pipeline/base_pipeline.py
      hash: md5
      md5: 769d00f39dbfa51d93268d1c1022cf10
      size: 773
    - path: src/recommender/pipeline/training_pipeline.py
      hash: md5
      md5: b86c785f278b5ca4332d348773fe339e
      size: 16003
    - path: src/recommender/utils/config.py
      hash: md5
      md5: 505ad66378e57f36caa6c28b39807af8
      size: 430
    params:
      params.yaml:
        data.interim_path: data/interim/ratings_clean.csv
        data.metadata_path: data/processed/metadata.json
        data.processed_dir: data/processed
        data.test_size: 0.2
        data.valid_size: 0.1
        seed: 42
    outs:
    - path: data/processed/metadata.json
      hash: md5
      md5: a7cfb04cab6b4faba7e017c4f063efb6
      size: 43
    - path: data/processed/test.csv
      hash: md5
      md5: fd48ebcfbffbef114ddf53956120098a
      size: 680774
    - path: data/processed/train.csv
      hash: md5
      md5: d9ce63a8d0b1a25c1303174b85100785
      size: 2382063
    - path: data/processed/valid.csv
      hash: md5
      md5: b2fe529216ffb893e2d51d1358d069bd
      size: 340428
  train:
    cmd: uv run python scripts/run_pipeline.py train
    deps:
    - path: data/processed/metadata.json
      hash: md5
      md5: a7cfb04cab6b4faba7e017c4f063efb6
      size: 43
    - path: data/processed/train.csv
      hash: md5
      md5: d9ce63a8d0b1a25c1303174b85100785
      size: 2382063
    - path: data/processed/valid.csv
      hash: md5
      md5: b2fe529216ffb893e2d51d1358d069bd
      size: 340428
    - path: scripts/run_pipeline.py
      hash: md5
      md5: abeb83d197a564af01f5654b3d6ca5f2
      size: 1151
    - path: src/recommender/data/dataset.py
      hash: md5
      md5: 6574dee4bfa3555322ff9005ee82e34a
      size: 1783
    - path: src/recommender/evaluation
      hash: md5
      md5: 1aa70029d1bf5dca76a1c12a58ed48cd.dir
      size: 67379
      nfiles: 12
    - path: src/recommender/models
      hash: md5
      md5: 8caaa27e823551084a0def03c851de0b.dir
      size: 9587
      nfiles: 10
    - path: src/recommender/pipeline
      hash: md5
      md5: b5502da79d2d20ac2c9312a2e4ff254d.dir
      size: 38389
      nfiles: 7
    - path: src/recommender/repositories/artifact_repository.py
      hash: md5
      md5: e35b53e057140a47588be9419c0d43e0
      size: 1535
    - path: src/recommender/tracking/mlflow_tracker.py
      hash: md5
      md5: cfb3309034c6a33e98badabb1343be51
      size: 5865
    - path: src/recommender/training
      hash: md5
      md5: 854c970ecf2d56f4fd1d8062a3b6551d.dir
      size: 6771
      nfiles: 9
    - path: src/recommender/utils/config.py
      hash: md5
      md5: 505ad66378e57f36caa6c28b39807af8
      size: 430
    - path: src/recommender/utils/seed.py
      hash: md5
      md5: 14b67b024fdb1cb44bd13b6a06eadfa9
      size: 345
    params:
      params.yaml:
        artifacts.model_path: models/checkpoints/model.pt
        artifacts.train_metrics_path: reports/metrics/train_metrics.json
        artifacts.training_run_path: models/registry/training_run.json
        data.metadata_path: data/processed/metadata.json
        data.processed_dir: data/processed
        model:
          name: mlp
          embedding_dim: 64
          hidden_dim: 128
        seed: 42
        tracking.experiment_name: movielens-recommender
        training:
          epochs: 5
          batch_size: 256
          learning_rate: 0.001
    outs:
    - path: models/checkpoints/model.pt
      hash: md5
      md5: 12fffb791640bf5a9d083dc1d33ba60c
      size: 741373
    - path: models/registry/training_run.json
      hash: md5
      md5: 901af49c8ea22dadbb300cbcbc42c86f
      size: 261
    - path: reports/metrics/train_metrics.json
      hash: md5
      md5: 1a238e2da87a744a957b044cf6d7a6bb
      size: 114
  evaluate:
    cmd: uv run python scripts/run_pipeline.py evaluate
    deps:
    - path: data/processed/metadata.json
      hash: md5
      md5: a7cfb04cab6b4faba7e017c4f063efb6
      size: 43
    - path: data/processed/test.csv
      hash: md5
      md5: fd48ebcfbffbef114ddf53956120098a
      size: 680774
    - path: models/checkpoints/model.pt
      hash: md5
      md5: 12fffb791640bf5a9d083dc1d33ba60c
      size: 741373
    - path: scripts/run_pipeline.py
      hash: md5
      md5: abeb83d197a564af01f5654b3d6ca5f2
      size: 1151
    - path: src/recommender/data/dataset.py
      hash: md5
      md5: 6574dee4bfa3555322ff9005ee82e34a
      size: 1783
    - path: src/recommender/evaluation
      hash: md5
      md5: 1aa70029d1bf5dca76a1c12a58ed48cd.dir
      size: 67379
      nfiles: 12
    - path: src/recommender/models
      hash: md5
      md5: 8caaa27e823551084a0def03c851de0b.dir
      size: 9587
      nfiles: 10
    - path: src/recommender/pipeline
      hash: md5
      md5: b5502da79d2d20ac2c9312a2e4ff254d.dir
      size: 38389
      nfiles: 7
    - path: src/recommender/repositories/artifact_repository.py
      hash: md5
      md5: e35b53e057140a47588be9419c0d43e0
      size: 1535
    - path: src/recommender/utils/config.py
      hash: md5
      md5: 505ad66378e57f36caa6c28b39807af8
      size: 430
    params:
      params.yaml:
        artifacts.evaluation_metrics_path:
          reports/metrics/evaluation_metrics.json
        artifacts.model_path: models/checkpoints/model.pt
        data.metadata_path: data/processed/metadata.json
        data.processed_dir: data/processed
        model:
          name: mlp
          embedding_dim: 64
          hidden_dim: 128
        training.batch_size: 256
    outs:
    - path: reports/metrics/evaluation_metrics.json
      hash: md5
      md5: fa23536fa7a96fb4d886ed9f604225a4
      size: 256
  download:
    cmd: uv run python scripts/download_data.py
    deps:
    - path: scripts/download_data.py
      hash: md5
      md5: 7c2b0a25817661366801619c31d5a137
      size: 990
    outs:
    - path: data/raw/ml-100k
      hash: md5
      md5: 33e3b98f41ab1289116f74de90b95a24.dir
      size: 16100896
      nfiles: 23
  baseline:
    cmd: uv run python scripts/run_baselines.py
    deps:
    - path: data/processed/test.csv
      hash: md5
      md5: fd48ebcfbffbef114ddf53956120098a
      size: 680774
    - path: data/processed/train.csv
      hash: md5
      md5: d9ce63a8d0b1a25c1303174b85100785
      size: 2382063
    - path: scripts/run_baselines.py
      hash: md5
      md5: f171508fe6f5ef133876534ca709fbfe
      size: 5714
    - path: src/recommender/evaluation/baselines.py
      hash: md5
      md5: 0d39e855d21dd34f3d97ea1e04a49993
      size: 6155
    - path: src/recommender/evaluation/metrics.py
      hash: md5
      md5: 182dd634925993defcd04ea974cf1de1
      size: 6289
    - path: src/recommender/repositories/artifact_repository.py
      hash: md5
      md5: e35b53e057140a47588be9419c0d43e0
      size: 1535
    - path: src/recommender/utils/paths.py
      hash: md5
      md5: d5a7f3b590b1d736319776b2136f3f50
      size: 208
    params:
      params.yaml:
        artifacts.baseline_metrics_path: reports/metrics/baseline_metrics.json
        baselines:
          models:
          - dummy_mean
          - dummy_median
          - ridge_one_hot
          ridge_alpha: 1.0
        data.processed_dir: data/processed
    outs:
    - path: reports/metrics/baseline_metrics.json
      hash: md5
      md5: 3e33daacbeaefa9184bd22e2f5415dc1
      size: 830
  compare:
    cmd: uv run python scripts/compare_models.py
    deps:
    - path: reports/metrics/baseline_metrics.json
      hash: md5
      md5: 3e33daacbeaefa9184bd22e2f5415dc1
      size: 830
    - path: reports/metrics/evaluation_metrics.json
      hash: md5
      md5: fa23536fa7a96fb4d886ed9f604225a4
      size: 256
    - path: scripts/compare_models.py
      hash: md5
      md5: 929340c081f8e89d92b35f1ba32a9178
      size: 6088
    - path: src/recommender/evaluation/comparison.py
      hash: md5
      md5: 19b14934b6c8bc96e4c25bc29fbab829
      size: 10870
    params:
      params.yaml:
        artifacts.baseline_metrics_path: reports/metrics/baseline_metrics.json
        artifacts.evaluation_metrics_path:
          reports/metrics/evaluation_metrics.json
        artifacts.model_comparison_path: reports/metrics/model_comparison.json
        model.name: mlp
        quality_gate.selection_metric: rmse
    outs:
    - path: reports/metrics/model_comparison.json
      hash: md5
      md5: ee1c04a603b2983413c2a104a4a616d3
      size: 1850
  register:
    cmd: uv run python scripts/register_model.py
    deps:
    - path: models/registry/training_run.json
      hash: md5
      md5: 901af49c8ea22dadbb300cbcbc42c86f
      size: 261
    - path: reports/metrics/evaluation_metrics.json
      hash: md5
      md5: fa23536fa7a96fb4d886ed9f604225a4
      size: 256
    - path: reports/metrics/model_comparison.json
      hash: md5
      md5: ee1c04a603b2983413c2a104a4a616d3
      size: 1850
    - path: scripts/register_model.py
      hash: md5
      md5: 73f920c052e9a08dcd7f3730ca3721d6
      size: 9129
    - path: src/recommender/repositories/artifact_repository.py
      hash: md5
      md5: e35b53e057140a47588be9419c0d43e0
      size: 1535
    - path: src/recommender/tracking/model_registry.py
      hash: md5
      md5: 44af77bea7fcccf5a2a3093893605ba3
      size: 8363
    - path: src/recommender/utils/config.py
      hash: md5
      md5: 505ad66378e57f36caa6c28b39807af8
      size: 430
    - path: src/recommender/utils/settings.py
      hash: md5
      md5: 8c587e984ad0ddcbafa684d7d4dde5e4
      size: 1414
    params:
      params.yaml:
        artifacts.evaluation_metrics_path:
          reports/metrics/evaluation_metrics.json
        artifacts.model_comparison_path: reports/metrics/model_comparison.json
        artifacts.registered_model_path: models/registry/registered_model.json
        artifacts.training_run_path: models/registry/training_run.json
        quality_gate.maximum_rmse: 0.26
        registry:
          model_name: movielens-mlp-recommender
          description: "Modelo neural MLP PyTorch para previsão de ratings no dataset
            MovieLens 100K.\n"
          initial_alias: candidate
          await_registration_seconds: 300
    outs:
    - path: models/registry/registered_model.json
      hash: md5
      md5: a521e1febf411ebb8eca8129054c7487
      size: 446
  promote_staging:
    cmd: uv run python scripts/promote_model.py staging
    deps:
    - path: models/registry/registered_model.json
      hash: md5
      md5: a521e1febf411ebb8eca8129054c7487
      size: 446
    - path: reports/metrics/evaluation_metrics.json
      hash: md5
      md5: fa23536fa7a96fb4d886ed9f604225a4
      size: 256
    - path: reports/metrics/model_comparison.json
      hash: md5
      md5: ee1c04a603b2983413c2a104a4a616d3
      size: 1850
    - path: scripts/promote_model.py
      hash: md5
      md5: fe9fd0a03e63c8e929f896d74e3145f8
      size: 11734
    - path: src/recommender/repositories/artifact_repository.py
      hash: md5
      md5: e35b53e057140a47588be9419c0d43e0
      size: 1535
    - path: src/recommender/tracking/model_promotion.py
      hash: md5
      md5: 8808bb202314755173a12c87b3b6ab9c
      size: 9137
    - path: src/recommender/utils/config.py
      hash: md5
      md5: 505ad66378e57f36caa6c28b39807af8
      size: 430
    - path: src/recommender/utils/settings.py
      hash: md5
      md5: 8c587e984ad0ddcbafa684d7d4dde5e4
      size: 1414
    params:
      params.yaml:
        artifacts.evaluation_metrics_path:
          reports/metrics/evaluation_metrics.json
        artifacts.model_comparison_path: reports/metrics/model_comparison.json
        artifacts.registered_model_path: models/registry/registered_model.json
        artifacts.staging_promotion_path: models/registry/staging_promotion.json
        model.name: mlp
        promotion:
          staging_alias: staging
          production_alias: production
          require_quality_gate: true
          require_staging_before_production: true
          require_comparison_winner: false
          sync_legacy_stage: true
          staging_approved_by: Rafael Costa
          staging_approval_notes: "Modelo encaminhado para staging após aprovação
            do quality gate, validação das métricas de teste e confirmação da rastreabilidade
            da execução de treinamento no MLflow.\n"
          production_approved_by: Rafael Costa
          production_approval_notes: Modelo aprovado para production após
            passagem pelo ambiente de staging e cumprimento do limite máximo de
            RMSE definido para o projeto.
        quality_gate.maximum_rmse: 0.26
    outs:
    - path: models/registry/staging_promotion.json
      hash: md5
      md5: 0b43070ddd9a73d6ad4708e3a3791406
      size: 848
  promote_production:
    cmd: uv run python scripts/promote_model.py production
    deps:
    - path: models/registry/registered_model.json
      hash: md5
      md5: a521e1febf411ebb8eca8129054c7487
      size: 446
    - path: models/registry/staging_promotion.json
      hash: md5
      md5: 0b43070ddd9a73d6ad4708e3a3791406
      size: 848
    - path: reports/metrics/evaluation_metrics.json
      hash: md5
      md5: fa23536fa7a96fb4d886ed9f604225a4
      size: 256
    - path: reports/metrics/model_comparison.json
      hash: md5
      md5: ee1c04a603b2983413c2a104a4a616d3
      size: 1850
    - path: scripts/promote_model.py
      hash: md5
      md5: fe9fd0a03e63c8e929f896d74e3145f8
      size: 11734
    - path: src/recommender/repositories/artifact_repository.py
      hash: md5
      md5: e35b53e057140a47588be9419c0d43e0
      size: 1535
    - path: src/recommender/tracking/model_promotion.py
      hash: md5
      md5: 8808bb202314755173a12c87b3b6ab9c
      size: 9137
    - path: src/recommender/utils/config.py
      hash: md5
      md5: 505ad66378e57f36caa6c28b39807af8
      size: 430
    - path: src/recommender/utils/settings.py
      hash: md5
      md5: 8c587e984ad0ddcbafa684d7d4dde5e4
      size: 1414
    params:
      params.yaml:
        artifacts.evaluation_metrics_path:
          reports/metrics/evaluation_metrics.json
        artifacts.model_comparison_path: reports/metrics/model_comparison.json
        artifacts.production_promotion_path:
          models/registry/production_promotion.json
        artifacts.registered_model_path: models/registry/registered_model.json
        model.name: mlp
        promotion:
          staging_alias: staging
          production_alias: production
          require_quality_gate: true
          require_staging_before_production: true
          require_comparison_winner: false
          sync_legacy_stage: true
          staging_approved_by: Rafael Costa
          staging_approval_notes: "Modelo encaminhado para staging após aprovação
            do quality gate, validação das métricas de teste e confirmação da rastreabilidade
            da execução de treinamento no MLflow.\n"
          production_approved_by: Rafael Costa
          production_approval_notes: Modelo aprovado para production após
            passagem pelo ambiente de staging e cumprimento do limite máximo de
            RMSE definido para o projeto.
        quality_gate.maximum_rmse: 0.26
    outs:
    - path: models/registry/production_promotion.json
      hash: md5
      md5: 2c6a6f13660478954e0fdccdf2d9bc14
      size: 820
